PODS:
  - ALGReversedFlowLayout (0.1.0)
  - AsyncImageView (1.5.1)
  - AZEncodeURIComponent (1.1.0)
  - Bolts/Tasks (1.5.0)
  - GPUImage (0.1.7)
  - NSDictionaryAsURLQuery (0.1.0):
    - AZEncodeURIComponent
  - OpenCV (2.4.9)
  - Parse (1.10.0):
    - Bolts/Tasks (~> 1.5)
  - ReactiveCocoa (2.5):
    - ReactiveCocoa/UI (= 2.5)
  - ReactiveCocoa/Core (2.5):
    - ReactiveCocoa/no-arc
  - ReactiveCocoa/no-arc (2.5)
  - ReactiveCocoa/UI (2.5):
    - ReactiveCocoa/Core
  - SYImageColorTools (0.1.2):
    - SYImageColorTools/GPUImage (= 0.1.2)
  - SYImageColorTools/GPUImage (0.1.2)

DEPENDENCIES:
  - ALGReversedFlowLayout
  - AsyncImageView
  - GPUImage
  - NSDictionaryAsURLQuery
  - OpenCV (= 2.4.9)
  - Parse
  - ReactiveCocoa
  - SYImageColorTools

SPEC CHECKSUMS:
  ALGReversedFlowLayout: edb883d4f573beeb64e9c8e79f1acd1de8f9f477
  AsyncImageView: db9433939160710b34a5c249479e03af2a2121b0
  AZEncodeURIComponent: 6cacefb75b101041004189b15575200ba0f10985
  Bolts: 722ab9a4f8b50fc4ed1b9998a5a7a2b3f16d80b4
  GPUImage: 733a5f0fab92df9de1c37ba9df520a833ccb406d
  NSDictionaryAsURLQuery: a0e636080627272d8ed24ab63f3db4d671ffeba7
  OpenCV: bb17904e55fc19b1f0f6c3e29bc04a7dd31eddb9
  Parse: 90b2544822200f84b18bfacc4e8b0a3a6c3584a2
  ReactiveCocoa: e2db045570aa97c695e7aa97c2bcab222ae51f4a
  SYImageColorTools: 9df034c6f30ea29db4c6655c35fa951aa7184de6

COCOAPODS: 0.38.2
