// !$*UTF8*$!
{
	archiveVersion = 1;
	classes = {
	};
	objectVersion = 46;
	objects = {

/* Begin PBXBuildFile section */
		5F093C551BD0B2B3001405AC /* NPSoftModalPresentationController.swift in Sources */ = {isa = PBXBuildFile; fileRef = 5F093C541BD0B2B3001405AC /* NPSoftModalPresentationController.swift */; };
		5F6110071BB1144E00DB4C82 /* FreehandInputView.m in Sources */ = {isa = PBXBuildFile; fileRef = 5F6110061BB1144E00DB4C82 /* FreehandInputView.m */; };
		5F61100A1BB1CA2D00DB4C82 /* NSAttributedString+ResizeToFit.m in Sources */ = {isa = PBXBuildFile; fileRef = 5F6110091BB1CA2D00DB4C82 /* NSAttributedString+ResizeToFit.m */; };
		5F6110101BB1E05C00DB4C82 /* SKFontPicker.m in Sources */ = {isa = PBXBuildFile; fileRef = 5F61100E1BB1E05C00DB4C82 /* SKFontPicker.m */; };
		5F900E191BBB9275000D4C7C /* FilePickerViewController.m in Sources */ = {isa = PBXBuildFile; fileRef = 5F900E181BBB9275000D4C7C /* FilePickerViewController.m */; };
		5F900E221BBDE3A3000D4C7C /* ExpandingButton.m in Sources */ = {isa = PBXBuildFile; fileRef = 5F900E211BBDE3A3000D4C7C /* ExpandingButton.m */; };
		5FC53BEF1BD57BAB00910F91 /* QuickCollectionModal.m in Sources */ = {isa = PBXBuildFile; fileRef = 5FC53BEE1BD57BAB00910F91 /* QuickCollectionModal.m */; };
		5FEAF8011B9788910071BC08 /* main.m in Sources */ = {isa = PBXBuildFile; fileRef = 5FEAF8001B9788910071BC08 /* main.m */; };
		5FEAF8041B9788910071BC08 /* AppDelegate.m in Sources */ = {isa = PBXBuildFile; fileRef = 5FEAF8031B9788910071BC08 /* AppDelegate.m */; };
		5FEAF80A1B9788910071BC08 /* Main.storyboard in Resources */ = {isa = PBXBuildFile; fileRef = 5FEAF8081B9788910071BC08 /* Main.storyboard */; };
		5FEAF80C1B9788910071BC08 /* Assets.xcassets in Resources */ = {isa = PBXBuildFile; fileRef = 5FEAF80B1B9788910071BC08 /* Assets.xcassets */; };
		5FEAF80F1B9788910071BC08 /* LaunchScreen.storyboard in Resources */ = {isa = PBXBuildFile; fileRef = 5FEAF80D1B9788910071BC08 /* LaunchScreen.storyboard */; };
		5FEAF8181B9788B20071BC08 /* Canvas.m in Sources */ = {isa = PBXBuildFile; fileRef = 5FEAF8171B9788B20071BC08 /* Canvas.m */; };
		5FEAF81B1B9788BD0071BC08 /* Drawable.m in Sources */ = {isa = PBXBuildFile; fileRef = 5FEAF81A1B9788BD0071BC08 /* Drawable.m */; };
		5FEAF81E1B978B3C0071BC08 /* EditorViewController.m in Sources */ = {isa = PBXBuildFile; fileRef = 5FEAF81D1B978B3C0071BC08 /* EditorViewController.m */; };
		5FEAF8211B978BF50071BC08 /* IconBar.m in Sources */ = {isa = PBXBuildFile; fileRef = 5FEAF8201B978BF50071BC08 /* IconBar.m */; };
		5FEAF8241B979A010071BC08 /* PhotoDrawable.m in Sources */ = {isa = PBXBuildFile; fileRef = 5FEAF8231B979A010071BC08 /* PhotoDrawable.m */; };
		5FEAF8271B97A2720071BC08 /* TextDrawable.m in Sources */ = {isa = PBXBuildFile; fileRef = 5FEAF8261B97A2720071BC08 /* TextDrawable.m */; };
		5FEAF82C1B97A9CC0071BC08 /* UIFont+Sizing.m in Sources */ = {isa = PBXBuildFile; fileRef = 5FEAF82B1B97A9CC0071BC08 /* UIFont+Sizing.m */; };
		5FEAF82E1B97AB340071BC08 /* NPKeyboardAvoidanceView.m in Sources */ = {isa = PBXBuildFile; fileRef = 5FEAF82D1B97AB340071BC08 /* NPKeyboardAvoidanceView.m */; };
		5FEAF8331B97AB660071BC08 /* TextEditorViewController.m in Sources */ = {isa = PBXBuildFile; fileRef = 5FEAF8311B97AB660071BC08 /* TextEditorViewController.m */; };
		5FEAF8341B97AB660071BC08 /* TextEditorViewController.xib in Resources */ = {isa = PBXBuildFile; fileRef = 5FEAF8321B97AB660071BC08 /* TextEditorViewController.xib */; };
		5FEAF8371B98D2330071BC08 /* InsertItemViewController.m in Sources */ = {isa = PBXBuildFile; fileRef = 5FEAF8361B98D2330071BC08 /* InsertItemViewController.m */; };
		5FEAF83A1B98EAE10071BC08 /* OptionsView.m in Sources */ = {isa = PBXBuildFile; fileRef = 5FEAF8391B98EAE10071BC08 /* OptionsView.m */; };
		5FEAF83D1B98EAF50071BC08 /* OptionsTableViewCell.m in Sources */ = {isa = PBXBuildFile; fileRef = 5FEAF83C1B98EAF50071BC08 /* OptionsTableViewCell.m */; };
		5FEAF8401B9A244F0071BC08 /* MultiButtonOptionsTableViewCell.m in Sources */ = {isa = PBXBuildFile; fileRef = 5FEAF83F1B9A244F0071BC08 /* MultiButtonOptionsTableViewCell.m */; };
		5FEAF8431B9A264F0071BC08 /* CGPointExtras.m in Sources */ = {isa = PBXBuildFile; fileRef = 5FEAF8421B9A264F0071BC08 /* CGPointExtras.m */; };
		5FEAF8461B9A28C50071BC08 /* ShapeStackList.m in Sources */ = {isa = PBXBuildFile; fileRef = 5FEAF8451B9A28C50071BC08 /* ShapeStackList.m */; };
		5FEAF84F1B9AD96E0071BC08 /* StickerExtractViewController.swift in Sources */ = {isa = PBXBuildFile; fileRef = 5FEAF8481B9AD96E0071BC08 /* StickerExtractViewController.swift */; };
		5FEAF8501B9AD96E0071BC08 /* AddSubtractToggle.swift in Sources */ = {isa = PBXBuildFile; fileRef = 5FEAF8491B9AD96E0071BC08 /* AddSubtractToggle.swift */; };
		5FEAF8511B9AD96E0071BC08 /* DrawingView.swift in Sources */ = {isa = PBXBuildFile; fileRef = 5FEAF84A1B9AD96E0071BC08 /* DrawingView.swift */; };
		5FEAF8521B9AD96E0071BC08 /* UIImage+SubImage.swift in Sources */ = {isa = PBXBuildFile; fileRef = 5FEAF84B1B9AD96E0071BC08 /* UIImage+SubImage.swift */; };
		5FEAF8531B9AD96E0071BC08 /* Grabcut.mm in Sources */ = {isa = PBXBuildFile; fileRef = 5FEAF84D1B9AD96E0071BC08 /* Grabcut.mm */; };
		5FEAF8541B9AD96E0071BC08 /* UIImageView+ImageRect.swift in Sources */ = {isa = PBXBuildFile; fileRef = 5FEAF84E1B9AD96E0071BC08 /* UIImageView+ImageRect.swift */; };
		5FEAF8571B9ADA3A0071BC08 /* UIImage+Trim.m in Sources */ = {isa = PBXBuildFile; fileRef = 5FEAF8561B9ADA3A0071BC08 /* UIImage+Trim.m */; };
		5FEAF8591B9ADB8B0071BC08 /* UIImage+Resize.swift in Sources */ = {isa = PBXBuildFile; fileRef = 5FEAF8581B9ADB8B0071BC08 /* UIImage+Resize.swift */; };
		5FEAF85F1B9B8EC20071BC08 /* TouchForwardingView.m in Sources */ = {isa = PBXBuildFile; fileRef = 5FEAF85E1B9B8EC20071BC08 /* TouchForwardingView.m */; };
		5FEAF8831B9C66AE0071BC08 /* ConvenienceCategories.m in Sources */ = {isa = PBXBuildFile; fileRef = 5FEAF8821B9C66AE0071BC08 /* ConvenienceCategories.m */; };
		5FEAF8871B9C68A10071BC08 /* CMDocument.m in Sources */ = {isa = PBXBuildFile; fileRef = 5FEAF8861B9C68A10071BC08 /* CMDocument.m */; };
		5FEAF9091B9E2A760071BC08 /* shadow.png in Resources */ = {isa = PBXBuildFile; fileRef = 5FEAF8FB1B9E2A760071BC08 /* shadow.png */; };
		5FEAF90A1B9E2A760071BC08 /* invertedShadow.png in Resources */ = {isa = PBXBuildFile; fileRef = 5FEAF8FC1B9E2A760071BC08 /* invertedShadow.png */; };
		5FEAF90B1B9E2A760071BC08 /* circle.png in Resources */ = {isa = PBXBuildFile; fileRef = 5FEAF8FD1B9E2A760071BC08 /* circle.png */; };
		5FEAF90C1B9E2A760071BC08 /* colorMap.png in Resources */ = {isa = PBXBuildFile; fileRef = 5FEAF8FE1B9E2A760071BC08 /* colorMap.png */; };
		5FEAF90D1B9E2A760071BC08 /* checker.png in Resources */ = {isa = PBXBuildFile; fileRef = 5FEAF8FF1B9E2A760071BC08 /* checker.png */; };
		5FEAF90E1B9E2A760071BC08 /* SKColorPicker.m in Sources */ = {isa = PBXBuildFile; fileRef = 5FEAF9011B9E2A760071BC08 /* SKColorPicker.m */; };
		5FEAF90F1B9E2A760071BC08 /* SKColorPicker.xib in Resources */ = {isa = PBXBuildFile; fileRef = 5FEAF9021B9E2A760071BC08 /* SKColorPicker.xib */; };
		5FEAF9101B9E2A760071BC08 /* SKHueSatPicker.m in Sources */ = {isa = PBXBuildFile; fileRef = 5FEAF9041B9E2A760071BC08 /* SKHueSatPicker.m */; };
		5FEAF9111B9E2A760071BC08 /* SKColorPickerSlider.m in Sources */ = {isa = PBXBuildFile; fileRef = 5FEAF9061B9E2A760071BC08 /* SKColorPickerSlider.m */; };
		5FEAF9121B9E2A760071BC08 /* SKColorView.m in Sources */ = {isa = PBXBuildFile; fileRef = 5FEAF9081B9E2A760071BC08 /* SKColorView.m */; };
		5FEAF91E1B9E2AE80071BC08 /* image.png in Resources */ = {isa = PBXBuildFile; fileRef = 5FEAF9141B9E2AE80071BC08 /* image.png */; };
		5FEAF91F1B9E2AE80071BC08 /* color.png in Resources */ = {isa = PBXBuildFile; fileRef = 5FEAF9151B9E2AE80071BC08 /* color.png */; };
		5FEAF9201B9E2AE80071BC08 /* linearGradient.png in Resources */ = {isa = PBXBuildFile; fileRef = 5FEAF9161B9E2AE80071BC08 /* linearGradient.png */; };
		5FEAF9211B9E2AE80071BC08 /* SKFillPicker.m in Sources */ = {isa = PBXBuildFile; fileRef = 5FEAF9181B9E2AE80071BC08 /* SKFillPicker.m */; };
		5FEAF9221B9E2AE80071BC08 /* SKNullViewController.m in Sources */ = {isa = PBXBuildFile; fileRef = 5FEAF91A1B9E2AE80071BC08 /* SKNullViewController.m */; };
		5FEAF9231B9E2AE80071BC08 /* SKImagePicker.m in Sources */ = {isa = PBXBuildFile; fileRef = 5FEAF91C1B9E2AE80071BC08 /* SKImagePicker.m */; };
		5FEAF9241B9E2AE80071BC08 /* SKImagePicker.xib in Resources */ = {isa = PBXBuildFile; fileRef = 5FEAF91D1B9E2AE80071BC08 /* SKImagePicker.xib */; };
		5FEAF9321B9E2B010071BC08 /* SKGradientEditor.m in Sources */ = {isa = PBXBuildFile; fileRef = 5FEAF9271B9E2B010071BC08 /* SKGradientEditor.m */; };
		5FEAF9331B9E2B010071BC08 /* SKGradientEditor.xib in Resources */ = {isa = PBXBuildFile; fileRef = 5FEAF9281B9E2B010071BC08 /* SKGradientEditor.xib */; };
		5FEAF9341B9E2B010071BC08 /* SKGradientPointEditor.m in Sources */ = {isa = PBXBuildFile; fileRef = 5FEAF92A1B9E2B010071BC08 /* SKGradientPointEditor.m */; };
		5FEAF9351B9E2B010071BC08 /* SKGradientColorStopEditor.m in Sources */ = {isa = PBXBuildFile; fileRef = 5FEAF92C1B9E2B010071BC08 /* SKGradientColorStopEditor.m */; };
		5FEAF9361B9E2B010071BC08 /* SKGradientColorStop.m in Sources */ = {isa = PBXBuildFile; fileRef = 5FEAF92E1B9E2B010071BC08 /* SKGradientColorStop.m */; };
		5FEAF9371B9E2B010071BC08 /* SKColorStopDetail.m in Sources */ = {isa = PBXBuildFile; fileRef = 5FEAF9301B9E2B010071BC08 /* SKColorStopDetail.m */; };
		5FEAF9381B9E2B010071BC08 /* SKColorStopDetail.xib in Resources */ = {isa = PBXBuildFile; fileRef = 5FEAF9311B9E2B010071BC08 /* SKColorStopDetail.xib */; };
		5FEAF9421B9E2B2B0071BC08 /* SKFill.m in Sources */ = {isa = PBXBuildFile; fileRef = 5FEAF93B1B9E2B2B0071BC08 /* SKFill.m */; };
		5FEAF9431B9E2B2B0071BC08 /* SKColorFill.m in Sources */ = {isa = PBXBuildFile; fileRef = 5FEAF93D1B9E2B2B0071BC08 /* SKColorFill.m */; };
		5FEAF9441B9E2B2B0071BC08 /* SKGradient.m in Sources */ = {isa = PBXBuildFile; fileRef = 5FEAF93F1B9E2B2B0071BC08 /* SKGradient.m */; };
		5FEAF9451B9E2B2B0071BC08 /* SKImageFill.m in Sources */ = {isa = PBXBuildFile; fileRef = 5FEAF9411B9E2B2B0071BC08 /* SKImageFill.m */; };
		5FEAF9541B9E2B8A0071BC08 /* CPColorPicker.m in Sources */ = {isa = PBXBuildFile; fileRef = 5FEAF9481B9E2B8A0071BC08 /* CPColorPicker.m */; };
		5FEAF9551B9E2B8A0071BC08 /* CPColorPicker.xib in Resources */ = {isa = PBXBuildFile; fileRef = 5FEAF9491B9E2B8A0071BC08 /* CPColorPicker.xib */; };
		5FEAF9561B9E2B8A0071BC08 /* RGB-HSV.c in Sources */ = {isa = PBXBuildFile; fileRef = 5FEAF94B1B9E2B8A0071BC08 /* RGB-HSV.c */; };
		5FEAF9571B9E2B8A0071BC08 /* CPHueWheel.m in Sources */ = {isa = PBXBuildFile; fileRef = 5FEAF94D1B9E2B8A0071BC08 /* CPHueWheel.m */; };
		5FEAF9581B9E2B8A0071BC08 /* huePointer@2x.png in Resources */ = {isa = PBXBuildFile; fileRef = 5FEAF94E1B9E2B8A0071BC08 /* huePointer@2x.png */; };
		5FEAF9591B9E2B8A0071BC08 /* CPBrightnessSaturationView.m in Sources */ = {isa = PBXBuildFile; fileRef = 5FEAF9501B9E2B8A0071BC08 /* CPBrightnessSaturationView.m */; };
		5FEAF95A1B9E2B8A0071BC08 /* CPAlphaSlider.m in Sources */ = {isa = PBXBuildFile; fileRef = 5FEAF9521B9E2B8A0071BC08 /* CPAlphaSlider.m */; };
		5FEAF95B1B9E2B8A0071BC08 /* crosshairs@2x.png in Resources */ = {isa = PBXBuildFile; fileRef = 5FEAF9531B9E2B8A0071BC08 /* crosshairs@2x.png */; };
		5FEAF95F1B9E2C7B0071BC08 /* UIView+computer.m in Sources */ = {isa = PBXBuildFile; fileRef = 5FEAF95E1B9E2C7B0071BC08 /* UIView+computer.m */; };
		5FEAF9671B9E2E3A0071BC08 /* ShapeDrawable.m in Sources */ = {isa = PBXBuildFile; fileRef = 5FEAF9661B9E2E3A0071BC08 /* ShapeDrawable.m */; };
		5FEAF9711B9E3B8F0071BC08 /* UIImage+ImageEffects.m in Sources */ = {isa = PBXBuildFile; fileRef = 5FEAF9701B9E3B8F0071BC08 /* UIImage+ImageEffects.m */; };
		5FEAF97F1B9F160A0071BC08 /* ShowcaseFilterListController.m in Sources */ = {isa = PBXBuildFile; fileRef = 5FEAF9751B9F160A0071BC08 /* ShowcaseFilterListController.m */; };
		5FEAF9801B9F160A0071BC08 /* ShowcaseFilterViewController.xib in Resources */ = {isa = PBXBuildFile; fileRef = 5FEAF9761B9F160A0071BC08 /* ShowcaseFilterViewController.xib */; };
		5FEAF9811B9F160A0071BC08 /* ShowcaseFilterViewController.m in Sources */ = {isa = PBXBuildFile; fileRef = 5FEAF9781B9F160A0071BC08 /* ShowcaseFilterViewController.m */; };
		5FEAF9821B9F160A0071BC08 /* CustomFilter.fsh in Resources */ = {isa = PBXBuildFile; fileRef = 5FEAF9791B9F160A0071BC08 /* CustomFilter.fsh */; };
		5FEAF9831B9F160A0071BC08 /* lookup_amatorka.png in Resources */ = {isa = PBXBuildFile; fileRef = 5FEAF97A1B9F160A0071BC08 /* lookup_amatorka.png */; };
		5FEAF9841B9F160A0071BC08 /* lookup_miss_etikate.png in Resources */ = {isa = PBXBuildFile; fileRef = 5FEAF97B1B9F160A0071BC08 /* lookup_miss_etikate.png */; };
		5FEAF9851B9F160A0071BC08 /* lookup_soft_elegance_1.png in Resources */ = {isa = PBXBuildFile; fileRef = 5FEAF97C1B9F160A0071BC08 /* lookup_soft_elegance_1.png */; };
		5FEAF9861B9F160A0071BC08 /* lookup_soft_elegance_2.png in Resources */ = {isa = PBXBuildFile; fileRef = 5FEAF97D1B9F160A0071BC08 /* lookup_soft_elegance_2.png */; };
		5FEAF9871B9F160A0071BC08 /* voroni_points2.png in Resources */ = {isa = PBXBuildFile; fileRef = 5FEAF97E1B9F160A0071BC08 /* voroni_points2.png */; };
		5FEAF98B1B9F168E0071BC08 /* FilterViewController.m in Sources */ = {isa = PBXBuildFile; fileRef = 5FEAF98A1B9F168E0071BC08 /* FilterViewController.m */; };
		BA4F52B12D127C027339AA0B /* libPods-computer.a in Frameworks */ = {isa = PBXBuildFile; fileRef = 044906FE7B2B3BDF061BBDD3 /* libPods-computer.a */; };
/* End PBXBuildFile section */

/* Begin PBXFileReference section */
		044906FE7B2B3BDF061BBDD3 /* libPods-computer.a */ = {isa = PBXFileReference; explicitFileType = archive.ar; includeInIndex = 0; path = "libPods-computer.a"; sourceTree = BUILT_PRODUCTS_DIR; };
		36339DF5BBC4DCBD05031757 /* Pods-computer.release.xcconfig */ = {isa = PBXFileReference; includeInIndex = 1; lastKnownFileType = text.xcconfig; name = "Pods-computer.release.xcconfig"; path = "Pods/Target Support Files/Pods-computer/Pods-computer.release.xcconfig"; sourceTree = "<group>"; };
		5F093C541BD0B2B3001405AC /* NPSoftModalPresentationController.swift */ = {isa = PBXFileReference; fileEncoding = 4; lastKnownFileType = sourcecode.swift; path = NPSoftModalPresentationController.swift; sourceTree = "<group>"; };
		5F6110021BB1128900DB4C82 /* TODO.txt */ = {isa = PBXFileReference; lastKnownFileType = text; path = TODO.txt; sourceTree = "<group>"; };
		5F6110051BB1144E00DB4C82 /* FreehandInputView.h */ = {isa = PBXFileReference; fileEncoding = 4; lastKnownFileType = sourcecode.c.h; path = FreehandInputView.h; sourceTree = "<group>"; };
		5F6110061BB1144E00DB4C82 /* FreehandInputView.m */ = {isa = PBXFileReference; fileEncoding = 4; lastKnownFileType = sourcecode.c.objc; path = FreehandInputView.m; sourceTree = "<group>"; };
		5F6110081BB1CA2D00DB4C82 /* NSAttributedString+ResizeToFit.h */ = {isa = PBXFileReference; fileEncoding = 4; lastKnownFileType = sourcecode.c.h; path = "NSAttributedString+ResizeToFit.h"; sourceTree = "<group>"; };
		5F6110091BB1CA2D00DB4C82 /* NSAttributedString+ResizeToFit.m */ = {isa = PBXFileReference; fileEncoding = 4; lastKnownFileType = sourcecode.c.objc; path = "NSAttributedString+ResizeToFit.m"; sourceTree = "<group>"; };
		5F61100D1BB1E05C00DB4C82 /* SKFontPicker.h */ = {isa = PBXFileReference; fileEncoding = 4; lastKnownFileType = sourcecode.c.h; path = SKFontPicker.h; sourceTree = "<group>"; };
		5F61100E1BB1E05C00DB4C82 /* SKFontPicker.m */ = {isa = PBXFileReference; fileEncoding = 4; lastKnownFileType = sourcecode.c.objc; path = SKFontPicker.m; sourceTree = "<group>"; };
		5F900E171BBB9275000D4C7C /* FilePickerViewController.h */ = {isa = PBXFileReference; fileEncoding = 4; lastKnownFileType = sourcecode.c.h; path = FilePickerViewController.h; sourceTree = "<group>"; };
		5F900E181BBB9275000D4C7C /* FilePickerViewController.m */ = {isa = PBXFileReference; fileEncoding = 4; lastKnownFileType = sourcecode.c.objc; path = FilePickerViewController.m; sourceTree = "<group>"; };
		5F900E201BBDE3A3000D4C7C /* ExpandingButton.h */ = {isa = PBXFileReference; fileEncoding = 4; lastKnownFileType = sourcecode.c.h; path = ExpandingButton.h; sourceTree = "<group>"; };
		5F900E211BBDE3A3000D4C7C /* ExpandingButton.m */ = {isa = PBXFileReference; fileEncoding = 4; lastKnownFileType = sourcecode.c.objc; path = ExpandingButton.m; sourceTree = "<group>"; };
		5FC53BED1BD57BAB00910F91 /* QuickCollectionModal.h */ = {isa = PBXFileReference; fileEncoding = 4; lastKnownFileType = sourcecode.c.h; path = QuickCollectionModal.h; sourceTree = "<group>"; };
		5FC53BEE1BD57BAB00910F91 /* QuickCollectionModal.m */ = {isa = PBXFileReference; fileEncoding = 4; lastKnownFileType = sourcecode.c.objc; path = QuickCollectionModal.m; sourceTree = "<group>"; };
		5FEAF7FC1B9788910071BC08 /* computer.app */ = {isa = PBXFileReference; explicitFileType = wrapper.application; includeInIndex = 0; path = computer.app; sourceTree = BUILT_PRODUCTS_DIR; };
		5FEAF8001B9788910071BC08 /* main.m */ = {isa = PBXFileReference; lastKnownFileType = sourcecode.c.objc; path = main.m; sourceTree = "<group>"; };
		5FEAF8021B9788910071BC08 /* AppDelegate.h */ = {isa = PBXFileReference; lastKnownFileType = sourcecode.c.h; path = AppDelegate.h; sourceTree = "<group>"; };
		5FEAF8031B9788910071BC08 /* AppDelegate.m */ = {isa = PBXFileReference; lastKnownFileType = sourcecode.c.objc; path = AppDelegate.m; sourceTree = "<group>"; };
		5FEAF8091B9788910071BC08 /* Base */ = {isa = PBXFileReference; lastKnownFileType = file.storyboard; name = Base; path = Base.lproj/Main.storyboard; sourceTree = "<group>"; };
		5FEAF80B1B9788910071BC08 /* Assets.xcassets */ = {isa = PBXFileReference; lastKnownFileType = folder.assetcatalog; path = Assets.xcassets; sourceTree = "<group>"; };
		5FEAF80E1B9788910071BC08 /* Base */ = {isa = PBXFileReference; lastKnownFileType = file.storyboard; name = Base; path = Base.lproj/LaunchScreen.storyboard; sourceTree = "<group>"; };
		5FEAF8101B9788910071BC08 /* Info.plist */ = {isa = PBXFileReference; lastKnownFileType = text.plist.xml; path = Info.plist; sourceTree = "<group>"; };
		5FEAF8161B9788B20071BC08 /* Canvas.h */ = {isa = PBXFileReference; fileEncoding = 4; lastKnownFileType = sourcecode.c.h; path = Canvas.h; sourceTree = "<group>"; };
		5FEAF8171B9788B20071BC08 /* Canvas.m */ = {isa = PBXFileReference; fileEncoding = 4; lastKnownFileType = sourcecode.c.objc; path = Canvas.m; sourceTree = "<group>"; };
		5FEAF8191B9788BD0071BC08 /* Drawable.h */ = {isa = PBXFileReference; fileEncoding = 4; lastKnownFileType = sourcecode.c.h; path = Drawable.h; sourceTree = "<group>"; };
		5FEAF81A1B9788BD0071BC08 /* Drawable.m */ = {isa = PBXFileReference; fileEncoding = 4; lastKnownFileType = sourcecode.c.objc; path = Drawable.m; sourceTree = "<group>"; };
		5FEAF81C1B978B3C0071BC08 /* EditorViewController.h */ = {isa = PBXFileReference; fileEncoding = 4; lastKnownFileType = sourcecode.c.h; path = EditorViewController.h; sourceTree = "<group>"; };
		5FEAF81D1B978B3C0071BC08 /* EditorViewController.m */ = {isa = PBXFileReference; fileEncoding = 4; lastKnownFileType = sourcecode.c.objc; path = EditorViewController.m; sourceTree = "<group>"; };
		5FEAF81F1B978BF50071BC08 /* IconBar.h */ = {isa = PBXFileReference; fileEncoding = 4; lastKnownFileType = sourcecode.c.h; path = IconBar.h; sourceTree = "<group>"; };
		5FEAF8201B978BF50071BC08 /* IconBar.m */ = {isa = PBXFileReference; fileEncoding = 4; lastKnownFileType = sourcecode.c.objc; path = IconBar.m; sourceTree = "<group>"; };
		5FEAF8221B979A010071BC08 /* PhotoDrawable.h */ = {isa = PBXFileReference; fileEncoding = 4; lastKnownFileType = sourcecode.c.h; path = PhotoDrawable.h; sourceTree = "<group>"; };
		5FEAF8231B979A010071BC08 /* PhotoDrawable.m */ = {isa = PBXFileReference; fileEncoding = 4; lastKnownFileType = sourcecode.c.objc; path = PhotoDrawable.m; sourceTree = "<group>"; };
		5FEAF8251B97A2720071BC08 /* TextDrawable.h */ = {isa = PBXFileReference; fileEncoding = 4; lastKnownFileType = sourcecode.c.h; path = TextDrawable.h; sourceTree = "<group>"; };
		5FEAF8261B97A2720071BC08 /* TextDrawable.m */ = {isa = PBXFileReference; fileEncoding = 4; lastKnownFileType = sourcecode.c.objc; path = TextDrawable.m; sourceTree = "<group>"; };
		5FEAF82A1B97A9CC0071BC08 /* UIFont+Sizing.h */ = {isa = PBXFileReference; fileEncoding = 4; lastKnownFileType = sourcecode.c.h; path = "UIFont+Sizing.h"; sourceTree = "<group>"; };
		5FEAF82B1B97A9CC0071BC08 /* UIFont+Sizing.m */ = {isa = PBXFileReference; fileEncoding = 4; lastKnownFileType = sourcecode.c.objc; path = "UIFont+Sizing.m"; sourceTree = "<group>"; };
		5FEAF82D1B97AB340071BC08 /* NPKeyboardAvoidanceView.m */ = {isa = PBXFileReference; fileEncoding = 4; lastKnownFileType = sourcecode.c.objc; path = NPKeyboardAvoidanceView.m; sourceTree = "<group>"; };
		5FEAF82F1B97AB4D0071BC08 /* NPKeyboardAvoidanceView.h */ = {isa = PBXFileReference; lastKnownFileType = sourcecode.c.h; path = NPKeyboardAvoidanceView.h; sourceTree = "<group>"; };
		5FEAF8301B97AB660071BC08 /* TextEditorViewController.h */ = {isa = PBXFileReference; fileEncoding = 4; lastKnownFileType = sourcecode.c.h; path = TextEditorViewController.h; sourceTree = "<group>"; };
		5FEAF8311B97AB660071BC08 /* TextEditorViewController.m */ = {isa = PBXFileReference; fileEncoding = 4; lastKnownFileType = sourcecode.c.objc; path = TextEditorViewController.m; sourceTree = "<group>"; };
		5FEAF8321B97AB660071BC08 /* TextEditorViewController.xib */ = {isa = PBXFileReference; fileEncoding = 4; lastKnownFileType = file.xib; path = TextEditorViewController.xib; sourceTree = "<group>"; };
		5FEAF8351B98D2330071BC08 /* InsertItemViewController.h */ = {isa = PBXFileReference; fileEncoding = 4; lastKnownFileType = sourcecode.c.h; path = InsertItemViewController.h; sourceTree = "<group>"; };
		5FEAF8361B98D2330071BC08 /* InsertItemViewController.m */ = {isa = PBXFileReference; fileEncoding = 4; lastKnownFileType = sourcecode.c.objc; path = InsertItemViewController.m; sourceTree = "<group>"; };
		5FEAF8381B98EAE10071BC08 /* OptionsView.h */ = {isa = PBXFileReference; fileEncoding = 4; lastKnownFileType = sourcecode.c.h; path = OptionsView.h; sourceTree = "<group>"; };
		5FEAF8391B98EAE10071BC08 /* OptionsView.m */ = {isa = PBXFileReference; fileEncoding = 4; lastKnownFileType = sourcecode.c.objc; path = OptionsView.m; sourceTree = "<group>"; };
		5FEAF83B1B98EAF50071BC08 /* OptionsTableViewCell.h */ = {isa = PBXFileReference; fileEncoding = 4; lastKnownFileType = sourcecode.c.h; path = OptionsTableViewCell.h; sourceTree = "<group>"; };
		5FEAF83C1B98EAF50071BC08 /* OptionsTableViewCell.m */ = {isa = PBXFileReference; fileEncoding = 4; lastKnownFileType = sourcecode.c.objc; path = OptionsTableViewCell.m; sourceTree = "<group>"; };
		5FEAF83E1B9A244F0071BC08 /* MultiButtonOptionsTableViewCell.h */ = {isa = PBXFileReference; fileEncoding = 4; lastKnownFileType = sourcecode.c.h; path = MultiButtonOptionsTableViewCell.h; sourceTree = "<group>"; };
		5FEAF83F1B9A244F0071BC08 /* MultiButtonOptionsTableViewCell.m */ = {isa = PBXFileReference; fileEncoding = 4; lastKnownFileType = sourcecode.c.objc; path = MultiButtonOptionsTableViewCell.m; sourceTree = "<group>"; };
		5FEAF8411B9A264F0071BC08 /* CGPointExtras.h */ = {isa = PBXFileReference; fileEncoding = 4; lastKnownFileType = sourcecode.c.h; path = CGPointExtras.h; sourceTree = "<group>"; };
		5FEAF8421B9A264F0071BC08 /* CGPointExtras.m */ = {isa = PBXFileReference; fileEncoding = 4; lastKnownFileType = sourcecode.c.objc; path = CGPointExtras.m; sourceTree = "<group>"; };
		5FEAF8441B9A28C50071BC08 /* ShapeStackList.h */ = {isa = PBXFileReference; fileEncoding = 4; lastKnownFileType = sourcecode.c.h; path = ShapeStackList.h; sourceTree = "<group>"; };
		5FEAF8451B9A28C50071BC08 /* ShapeStackList.m */ = {isa = PBXFileReference; fileEncoding = 4; lastKnownFileType = sourcecode.c.objc; path = ShapeStackList.m; sourceTree = "<group>"; };
		5FEAF8471B9AD96D0071BC08 /* computer-Bridging-Header.h */ = {isa = PBXFileReference; lastKnownFileType = sourcecode.c.h; path = "computer-Bridging-Header.h"; sourceTree = "<group>"; };
		5FEAF8481B9AD96E0071BC08 /* StickerExtractViewController.swift */ = {isa = PBXFileReference; fileEncoding = 4; lastKnownFileType = sourcecode.swift; path = StickerExtractViewController.swift; sourceTree = "<group>"; };
		5FEAF8491B9AD96E0071BC08 /* AddSubtractToggle.swift */ = {isa = PBXFileReference; fileEncoding = 4; lastKnownFileType = sourcecode.swift; path = AddSubtractToggle.swift; sourceTree = "<group>"; };
		5FEAF84A1B9AD96E0071BC08 /* DrawingView.swift */ = {isa = PBXFileReference; fileEncoding = 4; lastKnownFileType = sourcecode.swift; path = DrawingView.swift; sourceTree = "<group>"; };
		5FEAF84B1B9AD96E0071BC08 /* UIImage+SubImage.swift */ = {isa = PBXFileReference; fileEncoding = 4; lastKnownFileType = sourcecode.swift; path = "UIImage+SubImage.swift"; sourceTree = "<group>"; };
		5FEAF84C1B9AD96E0071BC08 /* Grabcut.h */ = {isa = PBXFileReference; fileEncoding = 4; lastKnownFileType = sourcecode.c.h; path = Grabcut.h; sourceTree = "<group>"; };
		5FEAF84D1B9AD96E0071BC08 /* Grabcut.mm */ = {isa = PBXFileReference; fileEncoding = 4; lastKnownFileType = sourcecode.cpp.objcpp; path = Grabcut.mm; sourceTree = "<group>"; };
		5FEAF84E1B9AD96E0071BC08 /* UIImageView+ImageRect.swift */ = {isa = PBXFileReference; fileEncoding = 4; lastKnownFileType = sourcecode.swift; path = "UIImageView+ImageRect.swift"; sourceTree = "<group>"; };
		5FEAF8551B9ADA3A0071BC08 /* UIImage+Trim.h */ = {isa = PBXFileReference; fileEncoding = 4; lastKnownFileType = sourcecode.c.h; path = "UIImage+Trim.h"; sourceTree = "<group>"; };
		5FEAF8561B9ADA3A0071BC08 /* UIImage+Trim.m */ = {isa = PBXFileReference; fileEncoding = 4; lastKnownFileType = sourcecode.c.objc; path = "UIImage+Trim.m"; sourceTree = "<group>"; };
		5FEAF8581B9ADB8B0071BC08 /* UIImage+Resize.swift */ = {isa = PBXFileReference; fileEncoding = 4; lastKnownFileType = sourcecode.swift; path = "UIImage+Resize.swift"; sourceTree = "<group>"; };
		5FEAF85D1B9B8EC20071BC08 /* TouchForwardingView.h */ = {isa = PBXFileReference; fileEncoding = 4; lastKnownFileType = sourcecode.c.h; path = TouchForwardingView.h; sourceTree = "<group>"; };
		5FEAF85E1B9B8EC20071BC08 /* TouchForwardingView.m */ = {isa = PBXFileReference; fileEncoding = 4; lastKnownFileType = sourcecode.c.objc; path = TouchForwardingView.m; sourceTree = "<group>"; };
		5FEAF8811B9C66AE0071BC08 /* ConvenienceCategories.h */ = {isa = PBXFileReference; fileEncoding = 4; lastKnownFileType = sourcecode.c.h; path = ConvenienceCategories.h; sourceTree = "<group>"; };
		5FEAF8821B9C66AE0071BC08 /* ConvenienceCategories.m */ = {isa = PBXFileReference; fileEncoding = 4; lastKnownFileType = sourcecode.c.objc; path = ConvenienceCategories.m; sourceTree = "<group>"; };
		5FEAF8851B9C68A10071BC08 /* CMDocument.h */ = {isa = PBXFileReference; fileEncoding = 4; lastKnownFileType = sourcecode.c.h; path = CMDocument.h; sourceTree = "<group>"; };
		5FEAF8861B9C68A10071BC08 /* CMDocument.m */ = {isa = PBXFileReference; fileEncoding = 4; lastKnownFileType = sourcecode.c.objc; path = CMDocument.m; sourceTree = "<group>"; };
		5FEAF8FB1B9E2A760071BC08 /* shadow.png */ = {isa = PBXFileReference; lastKnownFileType = image.png; path = shadow.png; sourceTree = "<group>"; };
		5FEAF8FC1B9E2A760071BC08 /* invertedShadow.png */ = {isa = PBXFileReference; lastKnownFileType = image.png; path = invertedShadow.png; sourceTree = "<group>"; };
		5FEAF8FD1B9E2A760071BC08 /* circle.png */ = {isa = PBXFileReference; lastKnownFileType = image.png; path = circle.png; sourceTree = "<group>"; };
		5FEAF8FE1B9E2A760071BC08 /* colorMap.png */ = {isa = PBXFileReference; lastKnownFileType = image.png; path = colorMap.png; sourceTree = "<group>"; };
		5FEAF8FF1B9E2A760071BC08 /* checker.png */ = {isa = PBXFileReference; lastKnownFileType = image.png; path = checker.png; sourceTree = "<group>"; };
		5FEAF9001B9E2A760071BC08 /* SKColorPicker.h */ = {isa = PBXFileReference; fileEncoding = 4; lastKnownFileType = sourcecode.c.h; path = SKColorPicker.h; sourceTree = "<group>"; };
		5FEAF9011B9E2A760071BC08 /* SKColorPicker.m */ = {isa = PBXFileReference; fileEncoding = 4; lastKnownFileType = sourcecode.c.objc; path = SKColorPicker.m; sourceTree = "<group>"; };
		5FEAF9021B9E2A760071BC08 /* SKColorPicker.xib */ = {isa = PBXFileReference; fileEncoding = 4; lastKnownFileType = file.xib; path = SKColorPicker.xib; sourceTree = "<group>"; };
		5FEAF9031B9E2A760071BC08 /* SKHueSatPicker.h */ = {isa = PBXFileReference; fileEncoding = 4; lastKnownFileType = sourcecode.c.h; path = SKHueSatPicker.h; sourceTree = "<group>"; };
		5FEAF9041B9E2A760071BC08 /* SKHueSatPicker.m */ = {isa = PBXFileReference; fileEncoding = 4; lastKnownFileType = sourcecode.c.objc; path = SKHueSatPicker.m; sourceTree = "<group>"; };
		5FEAF9051B9E2A760071BC08 /* SKColorPickerSlider.h */ = {isa = PBXFileReference; fileEncoding = 4; lastKnownFileType = sourcecode.c.h; path = SKColorPickerSlider.h; sourceTree = "<group>"; };
		5FEAF9061B9E2A760071BC08 /* SKColorPickerSlider.m */ = {isa = PBXFileReference; fileEncoding = 4; lastKnownFileType = sourcecode.c.objc; path = SKColorPickerSlider.m; sourceTree = "<group>"; };
		5FEAF9071B9E2A760071BC08 /* SKColorView.h */ = {isa = PBXFileReference; fileEncoding = 4; lastKnownFileType = sourcecode.c.h; path = SKColorView.h; sourceTree = "<group>"; };
		5FEAF9081B9E2A760071BC08 /* SKColorView.m */ = {isa = PBXFileReference; fileEncoding = 4; lastKnownFileType = sourcecode.c.objc; path = SKColorView.m; sourceTree = "<group>"; };
		5FEAF9141B9E2AE80071BC08 /* image.png */ = {isa = PBXFileReference; lastKnownFileType = image.png; path = image.png; sourceTree = "<group>"; };
		5FEAF9151B9E2AE80071BC08 /* color.png */ = {isa = PBXFileReference; lastKnownFileType = image.png; path = color.png; sourceTree = "<group>"; };
		5FEAF9161B9E2AE80071BC08 /* linearGradient.png */ = {isa = PBXFileReference; lastKnownFileType = image.png; path = linearGradient.png; sourceTree = "<group>"; };
		5FEAF9171B9E2AE80071BC08 /* SKFillPicker.h */ = {isa = PBXFileReference; fileEncoding = 4; lastKnownFileType = sourcecode.c.h; path = SKFillPicker.h; sourceTree = "<group>"; };
		5FEAF9181B9E2AE80071BC08 /* SKFillPicker.m */ = {isa = PBXFileReference; fileEncoding = 4; lastKnownFileType = sourcecode.c.objc; path = SKFillPicker.m; sourceTree = "<group>"; };
		5FEAF9191B9E2AE80071BC08 /* SKNullViewController.h */ = {isa = PBXFileReference; fileEncoding = 4; lastKnownFileType = sourcecode.c.h; path = SKNullViewController.h; sourceTree = "<group>"; };
		5FEAF91A1B9E2AE80071BC08 /* SKNullViewController.m */ = {isa = PBXFileReference; fileEncoding = 4; lastKnownFileType = sourcecode.c.objc; path = SKNullViewController.m; sourceTree = "<group>"; };
		5FEAF91B1B9E2AE80071BC08 /* SKImagePicker.h */ = {isa = PBXFileReference; fileEncoding = 4; lastKnownFileType = sourcecode.c.h; path = SKImagePicker.h; sourceTree = "<group>"; };
		5FEAF91C1B9E2AE80071BC08 /* SKImagePicker.m */ = {isa = PBXFileReference; fileEncoding = 4; lastKnownFileType = sourcecode.c.objc; path = SKImagePicker.m; sourceTree = "<group>"; };
		5FEAF91D1B9E2AE80071BC08 /* SKImagePicker.xib */ = {isa = PBXFileReference; fileEncoding = 4; lastKnownFileType = file.xib; path = SKImagePicker.xib; sourceTree = "<group>"; };
		5FEAF9261B9E2B010071BC08 /* SKGradientEditor.h */ = {isa = PBXFileReference; fileEncoding = 4; lastKnownFileType = sourcecode.c.h; path = SKGradientEditor.h; sourceTree = "<group>"; };
		5FEAF9271B9E2B010071BC08 /* SKGradientEditor.m */ = {isa = PBXFileReference; fileEncoding = 4; lastKnownFileType = sourcecode.c.objc; path = SKGradientEditor.m; sourceTree = "<group>"; };
		5FEAF9281B9E2B010071BC08 /* SKGradientEditor.xib */ = {isa = PBXFileReference; fileEncoding = 4; lastKnownFileType = file.xib; path = SKGradientEditor.xib; sourceTree = "<group>"; };
		5FEAF9291B9E2B010071BC08 /* SKGradientPointEditor.h */ = {isa = PBXFileReference; fileEncoding = 4; lastKnownFileType = sourcecode.c.h; path = SKGradientPointEditor.h; sourceTree = "<group>"; };
		5FEAF92A1B9E2B010071BC08 /* SKGradientPointEditor.m */ = {isa = PBXFileReference; fileEncoding = 4; lastKnownFileType = sourcecode.c.objc; path = SKGradientPointEditor.m; sourceTree = "<group>"; };
		5FEAF92B1B9E2B010071BC08 /* SKGradientColorStopEditor.h */ = {isa = PBXFileReference; fileEncoding = 4; lastKnownFileType = sourcecode.c.h; path = SKGradientColorStopEditor.h; sourceTree = "<group>"; };
		5FEAF92C1B9E2B010071BC08 /* SKGradientColorStopEditor.m */ = {isa = PBXFileReference; fileEncoding = 4; lastKnownFileType = sourcecode.c.objc; path = SKGradientColorStopEditor.m; sourceTree = "<group>"; };
		5FEAF92D1B9E2B010071BC08 /* SKGradientColorStop.h */ = {isa = PBXFileReference; fileEncoding = 4; lastKnownFileType = sourcecode.c.h; path = SKGradientColorStop.h; sourceTree = "<group>"; };
		5FEAF92E1B9E2B010071BC08 /* SKGradientColorStop.m */ = {isa = PBXFileReference; fileEncoding = 4; lastKnownFileType = sourcecode.c.objc; path = SKGradientColorStop.m; sourceTree = "<group>"; };
		5FEAF92F1B9E2B010071BC08 /* SKColorStopDetail.h */ = {isa = PBXFileReference; fileEncoding = 4; lastKnownFileType = sourcecode.c.h; path = SKColorStopDetail.h; sourceTree = "<group>"; };
		5FEAF9301B9E2B010071BC08 /* SKColorStopDetail.m */ = {isa = PBXFileReference; fileEncoding = 4; lastKnownFileType = sourcecode.c.objc; path = SKColorStopDetail.m; sourceTree = "<group>"; };
		5FEAF9311B9E2B010071BC08 /* SKColorStopDetail.xib */ = {isa = PBXFileReference; fileEncoding = 4; lastKnownFileType = file.xib; path = SKColorStopDetail.xib; sourceTree = "<group>"; };
		5FEAF93A1B9E2B2B0071BC08 /* SKFill.h */ = {isa = PBXFileReference; fileEncoding = 4; lastKnownFileType = sourcecode.c.h; path = SKFill.h; sourceTree = "<group>"; };
		5FEAF93B1B9E2B2B0071BC08 /* SKFill.m */ = {isa = PBXFileReference; fileEncoding = 4; lastKnownFileType = sourcecode.c.objc; path = SKFill.m; sourceTree = "<group>"; };
		5FEAF93C1B9E2B2B0071BC08 /* SKColorFill.h */ = {isa = PBXFileReference; fileEncoding = 4; lastKnownFileType = sourcecode.c.h; path = SKColorFill.h; sourceTree = "<group>"; };
		5FEAF93D1B9E2B2B0071BC08 /* SKColorFill.m */ = {isa = PBXFileReference; fileEncoding = 4; lastKnownFileType = sourcecode.c.objc; path = SKColorFill.m; sourceTree = "<group>"; };
		5FEAF93E1B9E2B2B0071BC08 /* SKGradient.h */ = {isa = PBXFileReference; fileEncoding = 4; lastKnownFileType = sourcecode.c.h; path = SKGradient.h; sourceTree = "<group>"; };
		5FEAF93F1B9E2B2B0071BC08 /* SKGradient.m */ = {isa = PBXFileReference; fileEncoding = 4; lastKnownFileType = sourcecode.c.objc; path = SKGradient.m; sourceTree = "<group>"; };
		5FEAF9401B9E2B2B0071BC08 /* SKImageFill.h */ = {isa = PBXFileReference; fileEncoding = 4; lastKnownFileType = sourcecode.c.h; path = SKImageFill.h; sourceTree = "<group>"; };
		5FEAF9411B9E2B2B0071BC08 /* SKImageFill.m */ = {isa = PBXFileReference; fileEncoding = 4; lastKnownFileType = sourcecode.c.objc; path = SKImageFill.m; sourceTree = "<group>"; };
		5FEAF9471B9E2B8A0071BC08 /* CPColorPicker.h */ = {isa = PBXFileReference; fileEncoding = 4; lastKnownFileType = sourcecode.c.h; path = CPColorPicker.h; sourceTree = "<group>"; };
		5FEAF9481B9E2B8A0071BC08 /* CPColorPicker.m */ = {isa = PBXFileReference; fileEncoding = 4; lastKnownFileType = sourcecode.c.objc; path = CPColorPicker.m; sourceTree = "<group>"; };
		5FEAF9491B9E2B8A0071BC08 /* CPColorPicker.xib */ = {isa = PBXFileReference; fileEncoding = 4; lastKnownFileType = file.xib; path = CPColorPicker.xib; sourceTree = "<group>"; };
		5FEAF94A1B9E2B8A0071BC08 /* RGB-HSV.h */ = {isa = PBXFileReference; fileEncoding = 4; lastKnownFileType = sourcecode.c.h; path = "RGB-HSV.h"; sourceTree = "<group>"; };
		5FEAF94B1B9E2B8A0071BC08 /* RGB-HSV.c */ = {isa = PBXFileReference; fileEncoding = 4; lastKnownFileType = sourcecode.c.c; path = "RGB-HSV.c"; sourceTree = "<group>"; };
		5FEAF94C1B9E2B8A0071BC08 /* CPHueWheel.h */ = {isa = PBXFileReference; fileEncoding = 4; lastKnownFileType = sourcecode.c.h; path = CPHueWheel.h; sourceTree = "<group>"; };
		5FEAF94D1B9E2B8A0071BC08 /* CPHueWheel.m */ = {isa = PBXFileReference; fileEncoding = 4; lastKnownFileType = sourcecode.c.objc; path = CPHueWheel.m; sourceTree = "<group>"; };
		5FEAF94E1B9E2B8A0071BC08 /* huePointer@2x.png */ = {isa = PBXFileReference; lastKnownFileType = image.png; path = "huePointer@2x.png"; sourceTree = "<group>"; };
		5FEAF94F1B9E2B8A0071BC08 /* CPBrightnessSaturationView.h */ = {isa = PBXFileReference; fileEncoding = 4; lastKnownFileType = sourcecode.c.h; path = CPBrightnessSaturationView.h; sourceTree = "<group>"; };
		5FEAF9501B9E2B8A0071BC08 /* CPBrightnessSaturationView.m */ = {isa = PBXFileReference; fileEncoding = 4; lastKnownFileType = sourcecode.c.objc; path = CPBrightnessSaturationView.m; sourceTree = "<group>"; };
		5FEAF9511B9E2B8A0071BC08 /* CPAlphaSlider.h */ = {isa = PBXFileReference; fileEncoding = 4; lastKnownFileType = sourcecode.c.h; path = CPAlphaSlider.h; sourceTree = "<group>"; };
		5FEAF9521B9E2B8A0071BC08 /* CPAlphaSlider.m */ = {isa = PBXFileReference; fileEncoding = 4; lastKnownFileType = sourcecode.c.objc; path = CPAlphaSlider.m; sourceTree = "<group>"; };
		5FEAF9531B9E2B8A0071BC08 /* crosshairs@2x.png */ = {isa = PBXFileReference; lastKnownFileType = image.png; path = "crosshairs@2x.png"; sourceTree = "<group>"; };
		5FEAF95D1B9E2C7B0071BC08 /* UIView+computer.h */ = {isa = PBXFileReference; fileEncoding = 4; lastKnownFileType = sourcecode.c.h; path = "UIView+computer.h"; sourceTree = "<group>"; };
		5FEAF95E1B9E2C7B0071BC08 /* UIView+computer.m */ = {isa = PBXFileReference; fileEncoding = 4; lastKnownFileType = sourcecode.c.objc; path = "UIView+computer.m"; sourceTree = "<group>"; };
		5FEAF9651B9E2E3A0071BC08 /* ShapeDrawable.h */ = {isa = PBXFileReference; fileEncoding = 4; lastKnownFileType = sourcecode.c.h; path = ShapeDrawable.h; sourceTree = "<group>"; };
		5FEAF9661B9E2E3A0071BC08 /* ShapeDrawable.m */ = {isa = PBXFileReference; fileEncoding = 4; lastKnownFileType = sourcecode.c.objc; path = ShapeDrawable.m; sourceTree = "<group>"; };
		5FEAF9701B9E3B8F0071BC08 /* UIImage+ImageEffects.m */ = {isa = PBXFileReference; fileEncoding = 4; lastKnownFileType = sourcecode.c.objc; path = "UIImage+ImageEffects.m"; sourceTree = "<group>"; };
		5FEAF9721B9E3B950071BC08 /* UIImage+ImageEffects.h */ = {isa = PBXFileReference; lastKnownFileType = sourcecode.c.h; path = "UIImage+ImageEffects.h"; sourceTree = "<group>"; };
		5FEAF9741B9F160A0071BC08 /* ShowcaseFilterListController.h */ = {isa = PBXFileReference; fileEncoding = 4; lastKnownFileType = sourcecode.c.h; path = ShowcaseFilterListController.h; sourceTree = "<group>"; };
		5FEAF9751B9F160A0071BC08 /* ShowcaseFilterListController.m */ = {isa = PBXFileReference; fileEncoding = 4; lastKnownFileType = sourcecode.c.objc; path = ShowcaseFilterListController.m; sourceTree = "<group>"; };
		5FEAF9761B9F160A0071BC08 /* ShowcaseFilterViewController.xib */ = {isa = PBXFileReference; fileEncoding = 4; lastKnownFileType = file.xib; path = ShowcaseFilterViewController.xib; sourceTree = "<group>"; };
		5FEAF9771B9F160A0071BC08 /* ShowcaseFilterViewController.h */ = {isa = PBXFileReference; fileEncoding = 4; lastKnownFileType = sourcecode.c.h; path = ShowcaseFilterViewController.h; sourceTree = "<group>"; };
		5FEAF9781B9F160A0071BC08 /* ShowcaseFilterViewController.m */ = {isa = PBXFileReference; fileEncoding = 4; lastKnownFileType = sourcecode.c.objc; path = ShowcaseFilterViewController.m; sourceTree = "<group>"; };
		5FEAF9791B9F160A0071BC08 /* CustomFilter.fsh */ = {isa = PBXFileReference; fileEncoding = 4; lastKnownFileType = sourcecode.glsl; path = CustomFilter.fsh; sourceTree = "<group>"; };
		5FEAF97A1B9F160A0071BC08 /* lookup_amatorka.png */ = {isa = PBXFileReference; lastKnownFileType = image.png; path = lookup_amatorka.png; sourceTree = "<group>"; };
		5FEAF97B1B9F160A0071BC08 /* lookup_miss_etikate.png */ = {isa = PBXFileReference; lastKnownFileType = image.png; path = lookup_miss_etikate.png; sourceTree = "<group>"; };
		5FEAF97C1B9F160A0071BC08 /* lookup_soft_elegance_1.png */ = {isa = PBXFileReference; lastKnownFileType = image.png; path = lookup_soft_elegance_1.png; sourceTree = "<group>"; };
		5FEAF97D1B9F160A0071BC08 /* lookup_soft_elegance_2.png */ = {isa = PBXFileReference; lastKnownFileType = image.png; path = lookup_soft_elegance_2.png; sourceTree = "<group>"; };
		5FEAF97E1B9F160A0071BC08 /* voroni_points2.png */ = {isa = PBXFileReference; lastKnownFileType = image.png; path = voroni_points2.png; sourceTree = "<group>"; };
		5FEAF9891B9F168E0071BC08 /* FilterViewController.h */ = {isa = PBXFileReference; fileEncoding = 4; lastKnownFileType = sourcecode.c.h; path = FilterViewController.h; sourceTree = "<group>"; };
		5FEAF98A1B9F168E0071BC08 /* FilterViewController.m */ = {isa = PBXFileReference; fileEncoding = 4; lastKnownFileType = sourcecode.c.objc; path = FilterViewController.m; sourceTree = "<group>"; };
		EDA6A178F7E2F986AD55812E /* Pods-computer.debug.xcconfig */ = {isa = PBXFileReference; includeInIndex = 1; lastKnownFileType = text.xcconfig; name = "Pods-computer.debug.xcconfig"; path = "Pods/Target Support Files/Pods-computer/Pods-computer.debug.xcconfig"; sourceTree = "<group>"; };
/* End PBXFileReference section */

/* Begin PBXFrameworksBuildPhase section */
		5FEAF7F91B9788910071BC08 /* Frameworks */ = {
			isa = PBXFrameworksBuildPhase;
			buildActionMask = 2147483647;
			files = (
				BA4F52B12D127C027339AA0B /* libPods-computer.a in Frameworks */,
			);
			runOnlyForDeploymentPostprocessing = 0;
		};
/* End PBXFrameworksBuildPhase section */

/* Begin PBXGroup section */
		5F6110111BB1E06000DB4C82 /* Text editing */ = {
			isa = PBXGroup;
			children = (
				5FEAF8301B97AB660071BC08 /* TextEditorViewController.h */,
				5FEAF8311B97AB660071BC08 /* TextEditorViewController.m */,
				5F61100D1BB1E05C00DB4C82 /* SKFontPicker.h */,
				5F61100E1BB1E05C00DB4C82 /* SKFontPicker.m */,
			);
			name = "Text editing";
			sourceTree = "<group>";
		};
		5FEAF7F31B9788910071BC08 = {
			isa = PBXGroup;
			children = (
				5FEAF7FE1B9788910071BC08 /* computer */,
				5FEAF7FD1B9788910071BC08 /* Products */,
				68F6F971700B15AF4B74FDF2 /* Pods */,
				AD684AA11226C19892CD1B67 /* Frameworks */,
			);
			sourceTree = "<group>";
		};
		5FEAF7FD1B9788910071BC08 /* Products */ = {
			isa = PBXGroup;
			children = (
				5FEAF7FC1B9788910071BC08 /* computer.app */,
			);
			name = Products;
			sourceTree = "<group>";
		};
		5FEAF7FE1B9788910071BC08 /* computer */ = {
			isa = PBXGroup;
			children = (
				5FEAF8021B9788910071BC08 /* AppDelegate.h */,
				5FEAF8031B9788910071BC08 /* AppDelegate.m */,
				5F900E171BBB9275000D4C7C /* FilePickerViewController.h */,
				5F900E181BBB9275000D4C7C /* FilePickerViewController.m */,
				5F900E201BBDE3A3000D4C7C /* ExpandingButton.h */,
				5F900E211BBDE3A3000D4C7C /* ExpandingButton.m */,
				5FEAF9601B9E2DAF0071BC08 /* Options menu */,
				5FEAF9611B9E2DB60071BC08 /* Helpers */,
				5FEAF9621B9E2DC20071BC08 /* Edit UI */,
				5FEAF8851B9C68A10071BC08 /* CMDocument.h */,
				5FEAF8861B9C68A10071BC08 /* CMDocument.m */,
				5FEAF9641B9E2DEF0071BC08 /* Drawables */,
				5FEAF82F1B97AB4D0071BC08 /* NPKeyboardAvoidanceView.h */,
				5FEAF82D1B97AB340071BC08 /* NPKeyboardAvoidanceView.m */,
				5F6110111BB1E06000DB4C82 /* Text editing */,
				5F6110051BB1144E00DB4C82 /* FreehandInputView.h */,
				5F6110061BB1144E00DB4C82 /* FreehandInputView.m */,
				5FEAF9881B9F160E0071BC08 /* Filtering */,
				5FEAF95C1B9E2B8E0071BC08 /* CPColorPicker */,
				5FEAF9461B9E2B300071BC08 /* SKFill */,
				5FEAF9391B9E2B050071BC08 /* GradientEditor */,
				5FEAF9251B9E2AF10071BC08 /* FillPicker */,
				5FEAF9131B9E2A7B0071BC08 /* SKColorPicker */,
				5FEAF9631B9E2DD70071BC08 /* Image extraction */,
				5FEAF8321B97AB660071BC08 /* TextEditorViewController.xib */,
				5FEAF8081B9788910071BC08 /* Main.storyboard */,
				5FEAF80B1B9788910071BC08 /* Assets.xcassets */,
				5FEAF80D1B9788910071BC08 /* LaunchScreen.storyboard */,
				5FEAF8101B9788910071BC08 /* Info.plist */,
				5F6110021BB1128900DB4C82 /* TODO.txt */,
				5FEAF7FF1B9788910071BC08 /* Supporting Files */,
				5FEAF8471B9AD96D0071BC08 /* computer-Bridging-Header.h */,
			);
			path = computer;
			sourceTree = "<group>";
		};
		5FEAF7FF1B9788910071BC08 /* Supporting Files */ = {
			isa = PBXGroup;
			children = (
				5FEAF8001B9788910071BC08 /* main.m */,
			);
			name = "Supporting Files";
			sourceTree = "<group>";
		};
		5FEAF9131B9E2A7B0071BC08 /* SKColorPicker */ = {
			isa = PBXGroup;
			children = (
				5FEAF8FB1B9E2A760071BC08 /* shadow.png */,
				5FEAF8FC1B9E2A760071BC08 /* invertedShadow.png */,
				5FEAF8FD1B9E2A760071BC08 /* circle.png */,
				5FEAF8FE1B9E2A760071BC08 /* colorMap.png */,
				5FEAF8FF1B9E2A760071BC08 /* checker.png */,
				5FEAF9001B9E2A760071BC08 /* SKColorPicker.h */,
				5FEAF9011B9E2A760071BC08 /* SKColorPicker.m */,
				5FEAF9021B9E2A760071BC08 /* SKColorPicker.xib */,
				5FEAF9031B9E2A760071BC08 /* SKHueSatPicker.h */,
				5FEAF9041B9E2A760071BC08 /* SKHueSatPicker.m */,
				5FEAF9051B9E2A760071BC08 /* SKColorPickerSlider.h */,
				5FEAF9061B9E2A760071BC08 /* SKColorPickerSlider.m */,
				5FEAF9071B9E2A760071BC08 /* SKColorView.h */,
				5FEAF9081B9E2A760071BC08 /* SKColorView.m */,
			);
			name = SKColorPicker;
			sourceTree = "<group>";
		};
		5FEAF9251B9E2AF10071BC08 /* FillPicker */ = {
			isa = PBXGroup;
			children = (
				5FEAF9141B9E2AE80071BC08 /* image.png */,
				5FEAF9151B9E2AE80071BC08 /* color.png */,
				5FEAF9161B9E2AE80071BC08 /* linearGradient.png */,
				5FEAF9171B9E2AE80071BC08 /* SKFillPicker.h */,
				5FEAF9181B9E2AE80071BC08 /* SKFillPicker.m */,
				5FEAF9191B9E2AE80071BC08 /* SKNullViewController.h */,
				5FEAF91A1B9E2AE80071BC08 /* SKNullViewController.m */,
				5FEAF91B1B9E2AE80071BC08 /* SKImagePicker.h */,
				5FEAF91C1B9E2AE80071BC08 /* SKImagePicker.m */,
				5FEAF91D1B9E2AE80071BC08 /* SKImagePicker.xib */,
			);
			name = FillPicker;
			sourceTree = "<group>";
		};
		5FEAF9391B9E2B050071BC08 /* GradientEditor */ = {
			isa = PBXGroup;
			children = (
				5FEAF9261B9E2B010071BC08 /* SKGradientEditor.h */,
				5FEAF9271B9E2B010071BC08 /* SKGradientEditor.m */,
				5FEAF9281B9E2B010071BC08 /* SKGradientEditor.xib */,
				5FEAF9291B9E2B010071BC08 /* SKGradientPointEditor.h */,
				5FEAF92A1B9E2B010071BC08 /* SKGradientPointEditor.m */,
				5FEAF92B1B9E2B010071BC08 /* SKGradientColorStopEditor.h */,
				5FEAF92C1B9E2B010071BC08 /* SKGradientColorStopEditor.m */,
				5FEAF92D1B9E2B010071BC08 /* SKGradientColorStop.h */,
				5FEAF92E1B9E2B010071BC08 /* SKGradientColorStop.m */,
				5FEAF92F1B9E2B010071BC08 /* SKColorStopDetail.h */,
				5FEAF9301B9E2B010071BC08 /* SKColorStopDetail.m */,
				5FEAF9311B9E2B010071BC08 /* SKColorStopDetail.xib */,
			);
			name = GradientEditor;
			sourceTree = "<group>";
		};
		5FEAF9461B9E2B300071BC08 /* SKFill */ = {
			isa = PBXGroup;
			children = (
				5FEAF93A1B9E2B2B0071BC08 /* SKFill.h */,
				5FEAF93B1B9E2B2B0071BC08 /* SKFill.m */,
				5FEAF93C1B9E2B2B0071BC08 /* SKColorFill.h */,
				5FEAF93D1B9E2B2B0071BC08 /* SKColorFill.m */,
				5FEAF93E1B9E2B2B0071BC08 /* SKGradient.h */,
				5FEAF93F1B9E2B2B0071BC08 /* SKGradient.m */,
				5FEAF9401B9E2B2B0071BC08 /* SKImageFill.h */,
				5FEAF9411B9E2B2B0071BC08 /* SKImageFill.m */,
			);
			name = SKFill;
			sourceTree = "<group>";
		};
		5FEAF95C1B9E2B8E0071BC08 /* CPColorPicker */ = {
			isa = PBXGroup;
			children = (
				5FEAF9471B9E2B8A0071BC08 /* CPColorPicker.h */,
				5FEAF9481B9E2B8A0071BC08 /* CPColorPicker.m */,
				5FEAF9491B9E2B8A0071BC08 /* CPColorPicker.xib */,
				5FEAF94A1B9E2B8A0071BC08 /* RGB-HSV.h */,
				5FEAF94B1B9E2B8A0071BC08 /* RGB-HSV.c */,
				5FEAF94C1B9E2B8A0071BC08 /* CPHueWheel.h */,
				5FEAF94D1B9E2B8A0071BC08 /* CPHueWheel.m */,
				5FEAF94E1B9E2B8A0071BC08 /* huePointer@2x.png */,
				5FEAF94F1B9E2B8A0071BC08 /* CPBrightnessSaturationView.h */,
				5FEAF9501B9E2B8A0071BC08 /* CPBrightnessSaturationView.m */,
				5FEAF9511B9E2B8A0071BC08 /* CPAlphaSlider.h */,
				5FEAF9521B9E2B8A0071BC08 /* CPAlphaSlider.m */,
				5FEAF9531B9E2B8A0071BC08 /* crosshairs@2x.png */,
			);
			name = CPColorPicker;
			sourceTree = "<group>";
		};
		5FEAF9601B9E2DAF0071BC08 /* Options menu */ = {
			isa = PBXGroup;
			children = (
				5FEAF8381B98EAE10071BC08 /* OptionsView.h */,
				5FEAF8391B98EAE10071BC08 /* OptionsView.m */,
				5FEAF83E1B9A244F0071BC08 /* MultiButtonOptionsTableViewCell.h */,
				5FEAF83F1B9A244F0071BC08 /* MultiButtonOptionsTableViewCell.m */,
				5FEAF83B1B98EAF50071BC08 /* OptionsTableViewCell.h */,
				5FEAF83C1B98EAF50071BC08 /* OptionsTableViewCell.m */,
			);
			name = "Options menu";
			sourceTree = "<group>";
		};
		5FEAF9611B9E2DB60071BC08 /* Helpers */ = {
			isa = PBXGroup;
			children = (
				5F093C541BD0B2B3001405AC /* NPSoftModalPresentationController.swift */,
				5FEAF82A1B97A9CC0071BC08 /* UIFont+Sizing.h */,
				5FEAF82B1B97A9CC0071BC08 /* UIFont+Sizing.m */,
				5FEAF85D1B9B8EC20071BC08 /* TouchForwardingView.h */,
				5FEAF85E1B9B8EC20071BC08 /* TouchForwardingView.m */,
				5FEAF84B1B9AD96E0071BC08 /* UIImage+SubImage.swift */,
				5FEAF8551B9ADA3A0071BC08 /* UIImage+Trim.h */,
				5FEAF8561B9ADA3A0071BC08 /* UIImage+Trim.m */,
				5FEAF84C1B9AD96E0071BC08 /* Grabcut.h */,
				5FEAF84D1B9AD96E0071BC08 /* Grabcut.mm */,
				5FEAF84E1B9AD96E0071BC08 /* UIImageView+ImageRect.swift */,
				5FEAF8411B9A264F0071BC08 /* CGPointExtras.h */,
				5FEAF8421B9A264F0071BC08 /* CGPointExtras.m */,
				5FEAF8811B9C66AE0071BC08 /* ConvenienceCategories.h */,
				5FEAF8821B9C66AE0071BC08 /* ConvenienceCategories.m */,
				5FEAF95D1B9E2C7B0071BC08 /* UIView+computer.h */,
				5FEAF95E1B9E2C7B0071BC08 /* UIView+computer.m */,
				5FEAF8581B9ADB8B0071BC08 /* UIImage+Resize.swift */,
				5F6110081BB1CA2D00DB4C82 /* NSAttributedString+ResizeToFit.h */,
				5F6110091BB1CA2D00DB4C82 /* NSAttributedString+ResizeToFit.m */,
			);
			name = Helpers;
			sourceTree = "<group>";
		};
		5FEAF9621B9E2DC20071BC08 /* Edit UI */ = {
			isa = PBXGroup;
			children = (
				5FEAF81C1B978B3C0071BC08 /* EditorViewController.h */,
				5FEAF81D1B978B3C0071BC08 /* EditorViewController.m */,
				5FEAF8161B9788B20071BC08 /* Canvas.h */,
				5FEAF8171B9788B20071BC08 /* Canvas.m */,
				5FEAF81F1B978BF50071BC08 /* IconBar.h */,
				5FEAF8201B978BF50071BC08 /* IconBar.m */,
				5FC53BED1BD57BAB00910F91 /* QuickCollectionModal.h */,
				5FC53BEE1BD57BAB00910F91 /* QuickCollectionModal.m */,
				5FEAF8351B98D2330071BC08 /* InsertItemViewController.h */,
				5FEAF8361B98D2330071BC08 /* InsertItemViewController.m */,
				5FEAF8441B9A28C50071BC08 /* ShapeStackList.h */,
				5FEAF8451B9A28C50071BC08 /* ShapeStackList.m */,
			);
			name = "Edit UI";
			sourceTree = "<group>";
		};
		5FEAF9631B9E2DD70071BC08 /* Image extraction */ = {
			isa = PBXGroup;
			children = (
				5FEAF8481B9AD96E0071BC08 /* StickerExtractViewController.swift */,
				5FEAF8491B9AD96E0071BC08 /* AddSubtractToggle.swift */,
				5FEAF84A1B9AD96E0071BC08 /* DrawingView.swift */,
			);
			name = "Image extraction";
			sourceTree = "<group>";
		};
		5FEAF9641B9E2DEF0071BC08 /* Drawables */ = {
			isa = PBXGroup;
			children = (
				5FEAF8191B9788BD0071BC08 /* Drawable.h */,
				5FEAF81A1B9788BD0071BC08 /* Drawable.m */,
				5FEAF8221B979A010071BC08 /* PhotoDrawable.h */,
				5FEAF8231B979A010071BC08 /* PhotoDrawable.m */,
				5FEAF8251B97A2720071BC08 /* TextDrawable.h */,
				5FEAF8261B97A2720071BC08 /* TextDrawable.m */,
				5FEAF9651B9E2E3A0071BC08 /* ShapeDrawable.h */,
				5FEAF9661B9E2E3A0071BC08 /* ShapeDrawable.m */,
				5FEAF9721B9E3B950071BC08 /* UIImage+ImageEffects.h */,
				5FEAF9701B9E3B8F0071BC08 /* UIImage+ImageEffects.m */,
			);
			name = Drawables;
			sourceTree = "<group>";
		};
		5FEAF9881B9F160E0071BC08 /* Filtering */ = {
			isa = PBXGroup;
			children = (
				5FEAF9891B9F168E0071BC08 /* FilterViewController.h */,
				5FEAF98A1B9F168E0071BC08 /* FilterViewController.m */,
				5FEAF9741B9F160A0071BC08 /* ShowcaseFilterListController.h */,
				5FEAF9751B9F160A0071BC08 /* ShowcaseFilterListController.m */,
				5FEAF9761B9F160A0071BC08 /* ShowcaseFilterViewController.xib */,
				5FEAF9771B9F160A0071BC08 /* ShowcaseFilterViewController.h */,
				5FEAF9781B9F160A0071BC08 /* ShowcaseFilterViewController.m */,
				5FEAF9791B9F160A0071BC08 /* CustomFilter.fsh */,
				5FEAF97A1B9F160A0071BC08 /* lookup_amatorka.png */,
				5FEAF97B1B9F160A0071BC08 /* lookup_miss_etikate.png */,
				5FEAF97C1B9F160A0071BC08 /* lookup_soft_elegance_1.png */,
				5FEAF97D1B9F160A0071BC08 /* lookup_soft_elegance_2.png */,
				5FEAF97E1B9F160A0071BC08 /* voroni_points2.png */,
			);
			name = Filtering;
			sourceTree = "<group>";
		};
		68F6F971700B15AF4B74FDF2 /* Pods */ = {
			isa = PBXGroup;
			children = (
				EDA6A178F7E2F986AD55812E /* Pods-computer.debug.xcconfig */,
				36339DF5BBC4DCBD05031757 /* Pods-computer.release.xcconfig */,
			);
			name = Pods;
			sourceTree = "<group>";
		};
		AD684AA11226C19892CD1B67 /* Frameworks */ = {
			isa = PBXGroup;
			children = (
				044906FE7B2B3BDF061BBDD3 /* libPods-computer.a */,
			);
			name = Frameworks;
			sourceTree = "<group>";
		};
/* End PBXGroup section */

/* Begin PBXNativeTarget section */
		5FEAF7FB1B9788910071BC08 /* computer */ = {
			isa = PBXNativeTarget;
			buildConfigurationList = 5FEAF8131B9788910071BC08 /* Build configuration list for PBXNativeTarget "computer" */;
			buildPhases = (
				D4D04DB208BB624ACDE91F4F /* Check Pods Manifest.lock */,
				5FEAF7F81B9788910071BC08 /* Sources */,
				5FEAF7F91B9788910071BC08 /* Frameworks */,
				5FEAF7FA1B9788910071BC08 /* Resources */,
				BAC5D1E6A5B047165F0E04EA /* Copy Pods Resources */,
			);
			buildRules = (
			);
			dependencies = (
			);
			name = computer;
			productName = computer;
			productReference = 5FEAF7FC1B9788910071BC08 /* computer.app */;
			productType = "com.apple.product-type.application";
		};
/* End PBXNativeTarget section */

/* Begin PBXProject section */
		5FEAF7F41B9788910071BC08 /* Project object */ = {
			isa = PBXProject;
			attributes = {
				LastSwiftUpdateCheck = 0700;
				LastUpgradeCheck = 0700;
				ORGANIZATIONNAME = "Nate Parrott";
				TargetAttributes = {
					5FEAF7FB1B9788910071BC08 = {
						CreatedOnToolsVersion = 7.0;
					};
				};
			};
			buildConfigurationList = 5FEAF7F71B9788910071BC08 /* Build configuration list for PBXProject "computer" */;
			compatibilityVersion = "Xcode 3.2";
			developmentRegion = English;
			hasScannedForEncodings = 0;
			knownRegions = (
				en,
				Base,
			);
			mainGroup = 5FEAF7F31B9788910071BC08;
			productRefGroup = 5FEAF7FD1B9788910071BC08 /* Products */;
			projectDirPath = "";
			projectRoot = "";
			targets = (
				5FEAF7FB1B9788910071BC08 /* computer */,
			);
		};
/* End PBXProject section */

/* Begin PBXResourcesBuildPhase section */
		5FEAF7FA1B9788910071BC08 /* Resources */ = {
			isa = PBXResourcesBuildPhase;
			buildActionMask = 2147483647;
			files = (
				5FEAF9821B9F160A0071BC08 /* CustomFilter.fsh in Resources */,
				5FEAF90D1B9E2A760071BC08 /* checker.png in Resources */,
				5FEAF91E1B9E2AE80071BC08 /* image.png in Resources */,
				5FEAF9801B9F160A0071BC08 /* ShowcaseFilterViewController.xib in Resources */,
				5FEAF9091B9E2A760071BC08 /* shadow.png in Resources */,
				5FEAF9581B9E2B8A0071BC08 /* huePointer@2x.png in Resources */,
				5FEAF9841B9F160A0071BC08 /* lookup_miss_etikate.png in Resources */,
				5FEAF9861B9F160A0071BC08 /* lookup_soft_elegance_2.png in Resources */,
				5FEAF91F1B9E2AE80071BC08 /* color.png in Resources */,
				5FEAF9551B9E2B8A0071BC08 /* CPColorPicker.xib in Resources */,
				5FEAF8341B97AB660071BC08 /* TextEditorViewController.xib in Resources */,
				5FEAF80F1B9788910071BC08 /* LaunchScreen.storyboard in Resources */,
				5FEAF9331B9E2B010071BC08 /* SKGradientEditor.xib in Resources */,
				5FEAF80C1B9788910071BC08 /* Assets.xcassets in Resources */,
				5FEAF90F1B9E2A760071BC08 /* SKColorPicker.xib in Resources */,
				5FEAF90C1B9E2A760071BC08 /* colorMap.png in Resources */,
				5FEAF9871B9F160A0071BC08 /* voroni_points2.png in Resources */,
				5FEAF90B1B9E2A760071BC08 /* circle.png in Resources */,
				5FEAF9201B9E2AE80071BC08 /* linearGradient.png in Resources */,
				5FEAF9381B9E2B010071BC08 /* SKColorStopDetail.xib in Resources */,
				5FEAF90A1B9E2A760071BC08 /* invertedShadow.png in Resources */,
				5FEAF80A1B9788910071BC08 /* Main.storyboard in Resources */,
				5FEAF9241B9E2AE80071BC08 /* SKImagePicker.xib in Resources */,
				5FEAF9851B9F160A0071BC08 /* lookup_soft_elegance_1.png in Resources */,
				5FEAF95B1B9E2B8A0071BC08 /* crosshairs@2x.png in Resources */,
				5FEAF9831B9F160A0071BC08 /* lookup_amatorka.png in Resources */,
			);
			runOnlyForDeploymentPostprocessing = 0;
		};
/* End PBXResourcesBuildPhase section */

/* Begin PBXShellScriptBuildPhase section */
		BAC5D1E6A5B047165F0E04EA /* Copy Pods Resources */ = {
			isa = PBXShellScriptBuildPhase;
			buildActionMask = 2147483647;
			files = (
			);
			inputPaths = (
			);
			name = "Copy Pods Resources";
			outputPaths = (
			);
			runOnlyForDeploymentPostprocessing = 0;
			shellPath = /bin/sh;
			shellScript = "\"${SRCROOT}/Pods/Target Support Files/Pods-computer/Pods-computer-resources.sh\"\n";
			showEnvVarsInLog = 0;
		};
		D4D04DB208BB624ACDE91F4F /* Check Pods Manifest.lock */ = {
			isa = PBXShellScriptBuildPhase;
			buildActionMask = 2147483647;
			files = (
			);
			inputPaths = (
			);
			name = "Check Pods Manifest.lock";
			outputPaths = (
			);
			runOnlyForDeploymentPostprocessing = 0;
			shellPath = /bin/sh;
			shellScript = "diff \"${PODS_ROOT}/../Podfile.lock\" \"${PODS_ROOT}/Manifest.lock\" > /dev/null\nif [[ $? != 0 ]] ; then\n    cat << EOM\nerror: The sandbox is not in sync with the Podfile.lock. Run 'pod install' or update your CocoaPods installation.\nEOM\n    exit 1\nfi\n";
			showEnvVarsInLog = 0;
		};
/* End PBXShellScriptBuildPhase section */

/* Begin PBXSourcesBuildPhase section */
		5FEAF7F81B9788910071BC08 /* Sources */ = {
			isa = PBXSourcesBuildPhase;
			buildActionMask = 2147483647;
			files = (
				5F6110101BB1E05C00DB4C82 /* SKFontPicker.m in Sources */,
				5F900E221BBDE3A3000D4C7C /* ExpandingButton.m in Sources */,
				5FEAF9121B9E2A760071BC08 /* SKColorView.m in Sources */,
				5FEAF9811B9F160A0071BC08 /* ShowcaseFilterViewController.m in Sources */,
				5FEAF8331B97AB660071BC08 /* TextEditorViewController.m in Sources */,
				5FEAF82E1B97AB340071BC08 /* NPKeyboardAvoidanceView.m in Sources */,
				5FEAF8271B97A2720071BC08 /* TextDrawable.m in Sources */,
				5FEAF85F1B9B8EC20071BC08 /* TouchForwardingView.m in Sources */,
				5FEAF9361B9E2B010071BC08 /* SKGradientColorStop.m in Sources */,
				5F6110071BB1144E00DB4C82 /* FreehandInputView.m in Sources */,
				5FEAF8591B9ADB8B0071BC08 /* UIImage+Resize.swift in Sources */,
				5FEAF90E1B9E2A760071BC08 /* SKColorPicker.m in Sources */,
				5FEAF9711B9E3B8F0071BC08 /* UIImage+ImageEffects.m in Sources */,
				5FEAF82C1B97A9CC0071BC08 /* UIFont+Sizing.m in Sources */,
				5FEAF97F1B9F160A0071BC08 /* ShowcaseFilterListController.m in Sources */,
				5FC53BEF1BD57BAB00910F91 /* QuickCollectionModal.m in Sources */,
				5FEAF8871B9C68A10071BC08 /* CMDocument.m in Sources */,
				5FEAF9671B9E2E3A0071BC08 /* ShapeDrawable.m in Sources */,
				5FEAF9341B9E2B010071BC08 /* SKGradientPointEditor.m in Sources */,
				5FEAF84F1B9AD96E0071BC08 /* StickerExtractViewController.swift in Sources */,
				5FEAF81E1B978B3C0071BC08 /* EditorViewController.m in Sources */,
				5FEAF9221B9E2AE80071BC08 /* SKNullViewController.m in Sources */,
				5FEAF95A1B9E2B8A0071BC08 /* CPAlphaSlider.m in Sources */,
				5FEAF9421B9E2B2B0071BC08 /* SKFill.m in Sources */,
				5FEAF8431B9A264F0071BC08 /* CGPointExtras.m in Sources */,
				5F61100A1BB1CA2D00DB4C82 /* NSAttributedString+ResizeToFit.m in Sources */,
				5F093C551BD0B2B3001405AC /* NPSoftModalPresentationController.swift in Sources */,
				5FEAF8511B9AD96E0071BC08 /* DrawingView.swift in Sources */,
				5FEAF8531B9AD96E0071BC08 /* Grabcut.mm in Sources */,
				5FEAF9231B9E2AE80071BC08 /* SKImagePicker.m in Sources */,
				5FEAF9451B9E2B2B0071BC08 /* SKImageFill.m in Sources */,
				5FEAF8501B9AD96E0071BC08 /* AddSubtractToggle.swift in Sources */,
				5FEAF8211B978BF50071BC08 /* IconBar.m in Sources */,
				5FEAF9321B9E2B010071BC08 /* SKGradientEditor.m in Sources */,
				5FEAF8041B9788910071BC08 /* AppDelegate.m in Sources */,
				5FEAF8011B9788910071BC08 /* main.m in Sources */,
				5FEAF8461B9A28C50071BC08 /* ShapeStackList.m in Sources */,
				5FEAF9591B9E2B8A0071BC08 /* CPBrightnessSaturationView.m in Sources */,
				5FEAF8401B9A244F0071BC08 /* MultiButtonOptionsTableViewCell.m in Sources */,
				5FEAF8371B98D2330071BC08 /* InsertItemViewController.m in Sources */,
				5FEAF9111B9E2A760071BC08 /* SKColorPickerSlider.m in Sources */,
				5F900E191BBB9275000D4C7C /* FilePickerViewController.m in Sources */,
				5FEAF9431B9E2B2B0071BC08 /* SKColorFill.m in Sources */,
				5FEAF8181B9788B20071BC08 /* Canvas.m in Sources */,
				5FEAF9351B9E2B010071BC08 /* SKGradientColorStopEditor.m in Sources */,
				5FEAF9541B9E2B8A0071BC08 /* CPColorPicker.m in Sources */,
				5FEAF9101B9E2A760071BC08 /* SKHueSatPicker.m in Sources */,
				5FEAF9211B9E2AE80071BC08 /* SKFillPicker.m in Sources */,
				5FEAF9441B9E2B2B0071BC08 /* SKGradient.m in Sources */,
				5FEAF8571B9ADA3A0071BC08 /* UIImage+Trim.m in Sources */,
				5FEAF9561B9E2B8A0071BC08 /* RGB-HSV.c in Sources */,
				5FEAF83A1B98EAE10071BC08 /* OptionsView.m in Sources */,
				5FEAF98B1B9F168E0071BC08 /* FilterViewController.m in Sources */,
				5FEAF8541B9AD96E0071BC08 /* UIImageView+ImageRect.swift in Sources */,
				5FEAF8831B9C66AE0071BC08 /* ConvenienceCategories.m in Sources */,
				5FEAF9371B9E2B010071BC08 /* SKColorStopDetail.m in Sources */,
				5FEAF81B1B9788BD0071BC08 /* Drawable.m in Sources */,
				5FEAF95F1B9E2C7B0071BC08 /* UIView+computer.m in Sources */,
				5FEAF8521B9AD96E0071BC08 /* UIImage+SubImage.swift in Sources */,
				5FEAF83D1B98EAF50071BC08 /* OptionsTableViewCell.m in Sources */,
				5FEAF9571B9E2B8A0071BC08 /* CPHueWheel.m in Sources */,
				5FEAF8241B979A010071BC08 /* PhotoDrawable.m in Sources */,
			);
			runOnlyForDeploymentPostprocessing = 0;
		};
/* End PBXSourcesBuildPhase section */

/* Begin PBXVariantGroup section */
		5FEAF8081B9788910071BC08 /* Main.storyboard */ = {
			isa = PBXVariantGroup;
			children = (
				5FEAF8091B9788910071BC08 /* Base */,
			);
			name = Main.storyboard;
			sourceTree = "<group>";
		};
		5FEAF80D1B9788910071BC08 /* LaunchScreen.storyboard */ = {
			isa = PBXVariantGroup;
			children = (
				5FEAF80E1B9788910071BC08 /* Base */,
			);
			name = LaunchScreen.storyboard;
			sourceTree = "<group>";
		};
/* End PBXVariantGroup section */

/* Begin XCBuildConfiguration section */
		5FEAF8111B9788910071BC08 /* Debug */ = {
			isa = XCBuildConfiguration;
			buildSettings = {
				ALWAYS_SEARCH_USER_PATHS = NO;
				CLANG_CXX_LANGUAGE_STANDARD = "gnu++0x";
				CLANG_CXX_LIBRARY = "libc++";
				CLANG_ENABLE_MODULES = YES;
				CLANG_ENABLE_OBJC_ARC = YES;
				CLANG_WARN_BOOL_CONVERSION = YES;
				CLANG_WARN_CONSTANT_CONVERSION = YES;
				CLANG_WARN_DIRECT_OBJC_ISA_USAGE = YES_ERROR;
				CLANG_WARN_EMPTY_BODY = YES;
				CLANG_WARN_ENUM_CONVERSION = YES;
				CLANG_WARN_INT_CONVERSION = YES;
				CLANG_WARN_OBJC_ROOT_CLASS = YES_ERROR;
				CLANG_WARN_UNREACHABLE_CODE = YES;
				CLANG_WARN__DUPLICATE_METHOD_MATCH = YES;
				"CODE_SIGN_IDENTITY[sdk=iphoneos*]" = "iPhone Developer";
				COPY_PHASE_STRIP = NO;
				DEBUG_INFORMATION_FORMAT = dwarf;
				ENABLE_STRICT_OBJC_MSGSEND = YES;
				ENABLE_TESTABILITY = YES;
				GCC_C_LANGUAGE_STANDARD = gnu99;
				GCC_DYNAMIC_NO_PIC = NO;
				GCC_NO_COMMON_BLOCKS = YES;
				GCC_OPTIMIZATION_LEVEL = 0;
				GCC_PREPROCESSOR_DEFINITIONS = (
					"DEBUG=1",
					"$(inherited)",
				);
				GCC_WARN_64_TO_32_BIT_CONVERSION = YES;
				GCC_WARN_ABOUT_RETURN_TYPE = YES_ERROR;
				GCC_WARN_UNDECLARED_SELECTOR = YES;
				GCC_WARN_UNINITIALIZED_AUTOS = YES_AGGRESSIVE;
				GCC_WARN_UNUSED_FUNCTION = YES;
				GCC_WARN_UNUSED_VARIABLE = YES;
				IPHONEOS_DEPLOYMENT_TARGET = 9.0;
				MTL_ENABLE_DEBUG_INFO = YES;
				ONLY_ACTIVE_ARCH = YES;
				SDKROOT = iphoneos;
			};
			name = Debug;
		};
		5FEAF8121B9788910071BC08 /* Release */ = {
			isa = XCBuildConfiguration;
			buildSettings = {
				ALWAYS_SEARCH_USER_PATHS = NO;
				CLANG_CXX_LANGUAGE_STANDARD = "gnu++0x";
				CLANG_CXX_LIBRARY = "libc++";
				CLANG_ENABLE_MODULES = YES;
				CLANG_ENABLE_OBJC_ARC = YES;
				CLANG_WARN_BOOL_CONVERSION = YES;
				CLANG_WARN_CONSTANT_CONVERSION = YES;
				CLANG_WARN_DIRECT_OBJC_ISA_USAGE = YES_ERROR;
				CLANG_WARN_EMPTY_BODY = YES;
				CLANG_WARN_ENUM_CONVERSION = YES;
				CLANG_WARN_INT_CONVERSION = YES;
				CLANG_WARN_OBJC_ROOT_CLASS = YES_ERROR;
				CLANG_WARN_UNREACHABLE_CODE = YES;
				CLANG_WARN__DUPLICATE_METHOD_MATCH = YES;
				"CODE_SIGN_IDENTITY[sdk=iphoneos*]" = "iPhone Developer";
				COPY_PHASE_STRIP = NO;
				DEBUG_INFORMATION_FORMAT = "dwarf-with-dsym";
				ENABLE_NS_ASSERTIONS = NO;
				ENABLE_STRICT_OBJC_MSGSEND = YES;
				GCC_C_LANGUAGE_STANDARD = gnu99;
				GCC_NO_COMMON_BLOCKS = YES;
				GCC_WARN_64_TO_32_BIT_CONVERSION = YES;
				GCC_WARN_ABOUT_RETURN_TYPE = YES_ERROR;
				GCC_WARN_UNDECLARED_SELECTOR = YES;
				GCC_WARN_UNINITIALIZED_AUTOS = YES_AGGRESSIVE;
				GCC_WARN_UNUSED_FUNCTION = YES;
				GCC_WARN_UNUSED_VARIABLE = YES;
				IPHONEOS_DEPLOYMENT_TARGET = 9.0;
				MTL_ENABLE_DEBUG_INFO = NO;
				SDKROOT = iphoneos;
				VALIDATE_PRODUCT = YES;
			};
			name = Release;
		};
		5FEAF8141B9788910071BC08 /* Debug */ = {
			isa = XCBuildConfiguration;
			baseConfigurationReference = EDA6A178F7E2F986AD55812E /* Pods-computer.debug.xcconfig */;
			buildSettings = {
				ASSETCATALOG_COMPILER_APPICON_NAME = AppIcon;
				CLANG_ENABLE_MODULES = YES;
				ENABLE_BITCODE = NO;
				INFOPLIST_FILE = computer/Info.plist;
				LD_RUNPATH_SEARCH_PATHS = "$(inherited) @executable_path/Frameworks";
				PRODUCT_BUNDLE_IDENTIFIER = com.nateparrott.computer;
				PRODUCT_NAME = "$(TARGET_NAME)";
				SWIFT_OBJC_BRIDGING_HEADER = "computer/computer-Bridging-Header.h";
				SWIFT_OPTIMIZATION_LEVEL = "-Onone";
			};
			name = Debug;
		};
		5FEAF8151B9788910071BC08 /* Release */ = {
			isa = XCBuildConfiguration;
			baseConfigurationReference = 36339DF5BBC4DCBD05031757 /* Pods-computer.release.xcconfig */;
			buildSettings = {
				ASSETCATALOG_COMPILER_APPICON_NAME = AppIcon;
				CLANG_ENABLE_MODULES = YES;
				ENABLE_BITCODE = NO;
				INFOPLIST_FILE = computer/Info.plist;
				LD_RUNPATH_SEARCH_PATHS = "$(inherited) @executable_path/Frameworks";
				PRODUCT_BUNDLE_IDENTIFIER = com.nateparrott.computer;
				PRODUCT_NAME = "$(TARGET_NAME)";
				SWIFT_OBJC_BRIDGING_HEADER = "computer/computer-Bridging-Header.h";
			};
			name = Release;
		};
/* End XCBuildConfiguration section */

/* Begin XCConfigurationList section */
		5FEAF7F71B9788910071BC08 /* Build configuration list for PBXProject "computer" */ = {
			isa = XCConfigurationList;
			buildConfigurations = (
				5FEAF8111B9788910071BC08 /* Debug */,
				5FEAF8121B9788910071BC08 /* Release */,
			);
			defaultConfigurationIsVisible = 0;
			defaultConfigurationName = Release;
		};
		5FEAF8131B9788910071BC08 /* Build configuration list for PBXNativeTarget "computer" */ = {
			isa = XCConfigurationList;
			buildConfigurations = (
				5FEAF8141B9788910071BC08 /* Debug */,
				5FEAF8151B9788910071BC08 /* Release */,
			);
			defaultConfigurationIsVisible = 0;
			defaultConfigurationName = Release;
		};
/* End XCConfigurationList section */
	};
	rootObject = 5FEAF7F41B9788910071BC08 /* Project object */;
}
